
Microsoft Visual Studio Solution File, Format Version 12.00
# Visual Studio Version 17
VisualStudioVersion = 17.8.34525.116
MinimumVisualStudioVersion = 10.0.40219.1
Project("{FAE04EC0-301F-11D3-BF4B-00C04F79EFBC}") = "bartvans.github.io", "bartvans.github.io\bartvans.github.io.csproj", "{6C9770A5-53E6-4E45-9A03-5BDFF5FCA6A8}"
EndProject
Global
	GlobalSection(SolutionConfigurationPlatforms) = preSolution
		Debug|Any CPU = Debug|Any CPU
		Release|Any CPU = Release|Any CPU
	EndGlobalSection
	GlobalSection(ProjectConfigurationPlatforms) = postSolution
		{6C9770A5-53E6-4E45-9A03-5BDFF5FCA6A8}.Debug|Any CPU.ActiveCfg = Debug|Any CPU
		{6C9770A5-53E6-4E45-9A03-5BDFF5FCA6A8}.Debug|Any CPU.Build.0 = Debug|Any CPU
		{6C9770A5-53E6-4E45-9A03-5BDFF5FCA6A8}.Release|Any CPU.ActiveCfg = Release|Any CPU
		{6C9770A5-53E6-4E45-9A03-5BDFF5FCA6A8}.Release|Any CPU.Build.0 = Release|Any CPU
	EndGlobalSection
	GlobalSection(SolutionProperties) = preSolution
		HideSolutionNode = FALSE
	EndGlobalSection
	GlobalSection(ExtensibilityGlobals) = postSolution
		SolutionGuid = {F69A4546-279C-4AC6-804A-E1749E0E5CAF}
	EndGlobalSection
EndGlobal
